
Microsoft Visual Studio Solution File, Format Version 12.00
# Visual Studio Version 16
VisualStudioVersion = 16.0.31105.61
MinimumVisualStudioVersion = 10.0.40219.1
Project("{FAE04EC0-301F-11D3-BF4B-00C04F79EFBC}") = "guia-1-10", "guia-1-10.csproj", "{4AA1C30B-D8DB-45C4-8A98-AA569FBE9B24}"
EndProject
Global
	GlobalSection(SolutionConfigurationPlatforms) = preSolution
		Debug|Any CPU = Debug|Any CPU
		Release|Any CPU = Release|Any CPU
	EndGlobalSection
	GlobalSection(ProjectConfigurationPlatforms) = postSolution
		{4AA1C30B-D8DB-45C4-8A98-AA569FBE9B24}.Debug|Any CPU.ActiveCfg = Debug|Any CPU
		{4AA1C30B-D8DB-45C4-8A98-AA569FBE9B24}.Debug|Any CPU.Build.0 = Debug|Any CPU
		{4AA1C30B-D8DB-45C4-8A98-AA569FBE9B24}.Release|Any CPU.ActiveCfg = Release|Any CPU
		{4AA1C30B-D8DB-45C4-8A98-AA569FBE9B24}.Release|Any CPU.Build.0 = Release|Any CPU
	EndGlobalSection
	GlobalSection(SolutionProperties) = preSolution
		HideSolutionNode = FALSE
	EndGlobalSection
	GlobalSection(ExtensibilityGlobals) = postSolution
		SolutionGuid = {AA4717B7-9297-4DCB-A2EE-1636AEBA31B6}
	EndGlobalSection
EndGlobal
